// !$*UTF8*$!
{
	archiveVersion = 1;
	classes = {
	};
	objectVersion = 56;
	objects = {

/* Begin PBXBuildFile section */
		4B04E6338DDF8BDA079CD587 /* Pods_AmaniSample.framework in Frameworks */ = {isa = PBXBuildFile; fileRef = 889E8644CC337736F60508D6 /* Pods_AmaniSample.framework */; };
		E0722E892B10845B00165559 /* AppDelegate.swift in Sources */ = {isa = PBXBuildFile; fileRef = E0722E882B10845B00165559 /* AppDelegate.swift */; };
		E0722E8B2B10845B00165559 /* SceneDelegate.swift in Sources */ = {isa = PBXBuildFile; fileRef = E0722E8A2B10845B00165559 /* SceneDelegate.swift */; };
		E0722E8D2B10845B00165559 /* ViewController.swift in Sources */ = {isa = PBXBuildFile; fileRef = E0722E8C2B10845B00165559 /* ViewController.swift */; };
		E0722E902B10845B00165559 /* Main.storyboard in Resources */ = {isa = PBXBuildFile; fileRef = E0722E8E2B10845B00165559 /* Main.storyboard */; };
		E0722E922B10845B00165559 /* Assets.xcassets in Resources */ = {isa = PBXBuildFile; fileRef = E0722E912B10845B00165559 /* Assets.xcassets */; };
		E0722E952B10845C00165559 /* LaunchScreen.storyboard in Resources */ = {isa = PBXBuildFile; fileRef = E0722E932B10845C00165559 /* LaunchScreen.storyboard */; };
		E07C25AD2B10857A00AA4CA7 /* AmaniViewController.swift in Sources */ = {isa = PBXBuildFile; fileRef = E07C25AC2B10857A00AA4CA7 /* AmaniViewController.swift */; };
/* End PBXBuildFile section */

/* Begin PBXFileReference section */
		25E16B84C7D9143BC618EFED /* Pods-AmaniSample.release.xcconfig */ = {isa = PBXFileReference; includeInIndex = 1; lastKnownFileType = text.xcconfig; name = "Pods-AmaniSample.release.xcconfig"; path = "Target Support Files/Pods-AmaniSample/Pods-AmaniSample.release.xcconfig"; sourceTree = "<group>"; };
		889E8644CC337736F60508D6 /* Pods_AmaniSample.framework */ = {isa = PBXFileReference; explicitFileType = wrapper.framework; includeInIndex = 0; path = Pods_AmaniSample.framework; sourceTree = BUILT_PRODUCTS_DIR; };
		CB2700324F1DDDCD13C1D45C /* Pods-AmaniSample.debug.xcconfig */ = {isa = PBXFileReference; includeInIndex = 1; lastKnownFileType = text.xcconfig; name = "Pods-AmaniSample.debug.xcconfig"; path = "Target Support Files/Pods-AmaniSample/Pods-AmaniSample.debug.xcconfig"; sourceTree = "<group>"; };
		E0722E852B10845B00165559 /* AmaniSample.app */ = {isa = PBXFileReference; explicitFileType = wrapper.application; includeInIndex = 0; path = AmaniSample.app; sourceTree = BUILT_PRODUCTS_DIR; };
		E0722E882B10845B00165559 /* AppDelegate.swift */ = {isa = PBXFileReference; lastKnownFileType = sourcecode.swift; path = AppDelegate.swift; sourceTree = "<group>"; };
		E0722E8A2B10845B00165559 /* SceneDelegate.swift */ = {isa = PBXFileReference; lastKnownFileType = sourcecode.swift; path = SceneDelegate.swift; sourceTree = "<group>"; };
		E0722E8C2B10845B00165559 /* ViewController.swift */ = {isa = PBXFileReference; lastKnownFileType = sourcecode.swift; path = ViewController.swift; sourceTree = "<group>"; };
		E0722E8F2B10845B00165559 /* Base */ = {isa = PBXFileReference; lastKnownFileType = file.storyboard; name = Base; path = Base.lproj/Main.storyboard; sourceTree = "<group>"; };
		E0722E912B10845B00165559 /* Assets.xcassets */ = {isa = PBXFileReference; lastKnownFileType = folder.assetcatalog; path = Assets.xcassets; sourceTree = "<group>"; };
		E0722E942B10845C00165559 /* Base */ = {isa = PBXFileReference; lastKnownFileType = file.storyboard; name = Base; path = Base.lproj/LaunchScreen.storyboard; sourceTree = "<group>"; };
		E0722E962B10845C00165559 /* Info.plist */ = {isa = PBXFileReference; lastKnownFileType = text.plist.xml; path = Info.plist; sourceTree = "<group>"; };
		E07C25AC2B10857A00AA4CA7 /* AmaniViewController.swift */ = {isa = PBXFileReference; lastKnownFileType = sourcecode.swift; path = AmaniViewController.swift; sourceTree = "<group>"; };
/* End PBXFileReference section */

/* Begin PBXFrameworksBuildPhase section */
		E0722E822B10845B00165559 /* Frameworks */ = {
			isa = PBXFrameworksBuildPhase;
			buildActionMask = 2147483647;
			files = (
				4B04E6338DDF8BDA079CD587 /* Pods_AmaniSample.framework in Frameworks */,
			);
			runOnlyForDeploymentPostprocessing = 0;
		};
/* End PBXFrameworksBuildPhase section */

/* Begin PBXGroup section */
		3C956CE5D5B1900081F4B827 /* Frameworks */ = {
			isa = PBXGroup;
			children = (
				889E8644CC337736F60508D6 /* Pods_AmaniSample.framework */,
			);
			name = Frameworks;
			sourceTree = "<group>";
		};
		B7823B1CE82392311E9DA23A /* Pods */ = {
			isa = PBXGroup;
			children = (
				CB2700324F1DDDCD13C1D45C /* Pods-AmaniSample.debug.xcconfig */,
				25E16B84C7D9143BC618EFED /* Pods-AmaniSample.release.xcconfig */,
			);
			path = Pods;
			sourceTree = "<group>";
		};
		E0722E7C2B10845B00165559 = {
			isa = PBXGroup;
			children = (
				E0722E872B10845B00165559 /* AmaniSample */,
				E0722E862B10845B00165559 /* Products */,
				B7823B1CE82392311E9DA23A /* Pods */,
				3C956CE5D5B1900081F4B827 /* Frameworks */,
			);
			sourceTree = "<group>";
		};
		E0722E862B10845B00165559 /* Products */ = {
			isa = PBXGroup;
			children = (
				E0722E852B10845B00165559 /* AmaniSample.app */,
			);
			name = Products;
			sourceTree = "<group>";
		};
		E0722E872B10845B00165559 /* AmaniSample */ = {
			isa = PBXGroup;
			children = (
				E0722E882B10845B00165559 /* AppDelegate.swift */,
				E0722E8A2B10845B00165559 /* SceneDelegate.swift */,
				E0722E8C2B10845B00165559 /* ViewController.swift */,
				E0722E8E2B10845B00165559 /* Main.storyboard */,
				E0722E912B10845B00165559 /* Assets.xcassets */,
				E0722E932B10845C00165559 /* LaunchScreen.storyboard */,
				E0722E962B10845C00165559 /* Info.plist */,
				E07C25AC2B10857A00AA4CA7 /* AmaniViewController.swift */,
			);
			path = AmaniSample;
			sourceTree = "<group>";
		};
/* End PBXGroup section */

/* Begin PBXNativeTarget section */
		E0722E842B10845B00165559 /* AmaniSample */ = {
			isa = PBXNativeTarget;
			buildConfigurationList = E0722E992B10845C00165559 /* Build configuration list for PBXNativeTarget "AmaniSample" */;
			buildPhases = (
				2D1C906989977BB9B93EBBD1 /* [CP] Check Pods Manifest.lock */,
				E0722E812B10845B00165559 /* Sources */,
				E0722E822B10845B00165559 /* Frameworks */,
				E0722E832B10845B00165559 /* Resources */,
				D4BBFC089A1ECD692086087A /* [CP] Embed Pods Frameworks */,
			);
			buildRules = (
			);
			dependencies = (
			);
			name = AmaniSample;
			productName = AmaniSample;
			productReference = E0722E852B10845B00165559 /* AmaniSample.app */;
			productType = "com.apple.product-type.application";
		};
/* End PBXNativeTarget section */

/* Begin PBXProject section */
		E0722E7D2B10845B00165559 /* Project object */ = {
			isa = PBXProject;
			attributes = {
				BuildIndependentTargetsInParallel = 1;
				LastSwiftUpdateCheck = 1430;
				LastUpgradeCheck = 1430;
				TargetAttributes = {
					E0722E842B10845B00165559 = {
						CreatedOnToolsVersion = 14.3;
					};
				};
			};
			buildConfigurationList = E0722E802B10845B00165559 /* Build configuration list for PBXProject "AmaniSample" */;
			compatibilityVersion = "Xcode 14.0";
			developmentRegion = en;
			hasScannedForEncodings = 0;
			knownRegions = (
				en,
				Base,
			);
			mainGroup = E0722E7C2B10845B00165559;
			productRefGroup = E0722E862B10845B00165559 /* Products */;
			projectDirPath = "";
			projectRoot = "";
			targets = (
				E0722E842B10845B00165559 /* AmaniSample */,
			);
		};
/* End PBXProject section */

/* Begin PBXResourcesBuildPhase section */
		E0722E832B10845B00165559 /* Resources */ = {
			isa = PBXResourcesBuildPhase;
			buildActionMask = 2147483647;
			files = (
				E0722E952B10845C00165559 /* LaunchScreen.storyboard in Resources */,
				E0722E922B10845B00165559 /* Assets.xcassets in Resources */,
				E0722E902B10845B00165559 /* Main.storyboard in Resources */,
			);
			runOnlyForDeploymentPostprocessing = 0;
		};
/* End PBXResourcesBuildPhase section */

/* Begin PBXShellScriptBuildPhase section */
		2D1C906989977BB9B93EBBD1 /* [CP] Check Pods Manifest.lock */ = {
			isa = PBXShellScriptBuildPhase;
			buildActionMask = 2147483647;
			files = (
			);
			inputFileListPaths = (
			);
			inputPaths = (
				"${PODS_PODFILE_DIR_PATH}/Podfile.lock",
				"${PODS_ROOT}/Manifest.lock",
			);
			name = "[CP] Check Pods Manifest.lock";
			outputFileListPaths = (
			);
			outputPaths = (
				"$(DERIVED_FILE_DIR)/Pods-AmaniSample-checkManifestLockResult.txt",
			);
			runOnlyForDeploymentPostprocessing = 0;
			shellPath = /bin/sh;
			shellScript = "diff \"${PODS_PODFILE_DIR_PATH}/Podfile.lock\" \"${PODS_ROOT}/Manifest.lock\" > /dev/null\nif [ $? != 0 ] ; then\n    # print error to STDERR\n    echo \"error: The sandbox is not in sync with the Podfile.lock. Run 'pod install' or update your CocoaPods installation.\" >&2\n    exit 1\nfi\n# This output is used by Xcode 'outputs' to avoid re-running this script phase.\necho \"SUCCESS\" > \"${SCRIPT_OUTPUT_FILE_0}\"\n";
			showEnvVarsInLog = 0;
		};
		D4BBFC089A1ECD692086087A /* [CP] Embed Pods Frameworks */ = {
			isa = PBXShellScriptBuildPhase;
			buildActionMask = 2147483647;
			files = (
			);
			inputFileListPaths = (
				"${PODS_ROOT}/Target Support Files/Pods-AmaniSample/Pods-AmaniSample-frameworks-${CONFIGURATION}-input-files.xcfilelist",
			);
			name = "[CP] Embed Pods Frameworks";
			outputFileListPaths = (
				"${PODS_ROOT}/Target Support Files/Pods-AmaniSample/Pods-AmaniSample-frameworks-${CONFIGURATION}-output-files.xcfilelist",
			);
			runOnlyForDeploymentPostprocessing = 0;
			shellPath = /bin/sh;
			shellScript = "\"${PODS_ROOT}/Target Support Files/Pods-AmaniSample/Pods-AmaniSample-frameworks.sh\"\n";
			showEnvVarsInLog = 0;
		};
/* End PBXShellScriptBuildPhase section */

/* Begin PBXSourcesBuildPhase section */
		E0722E812B10845B00165559 /* Sources */ = {
			isa = PBXSourcesBuildPhase;
			buildActionMask = 2147483647;
			files = (
				E0722E8D2B10845B00165559 /* ViewController.swift in Sources */,
				E07C25AD2B10857A00AA4CA7 /* AmaniViewController.swift in Sources */,
				E0722E892B10845B00165559 /* AppDelegate.swift in Sources */,
				E0722E8B2B10845B00165559 /* SceneDelegate.swift in Sources */,
			);
			runOnlyForDeploymentPostprocessing = 0;
		};
/* End PBXSourcesBuildPhase section */

/* Begin PBXVariantGroup section */
		E0722E8E2B10845B00165559 /* Main.storyboard */ = {
			isa = PBXVariantGroup;
			children = (
				E0722E8F2B10845B00165559 /* Base */,
			);
			name = Main.storyboard;
			sourceTree = "<group>";
		};
		E0722E932B10845C00165559 /* LaunchScreen.storyboard */ = {
			isa = PBXVariantGroup;
			children = (
				E0722E942B10845C00165559 /* Base */,
			);
			name = LaunchScreen.storyboard;
			sourceTree = "<group>";
		};
/* End PBXVariantGroup section */

/* Begin XCBuildConfiguration section */
		E0722E972B10845C00165559 /* Debug */ = {
			isa = XCBuildConfiguration;
			buildSettings = {
				ALWAYS_SEARCH_USER_PATHS = NO;
				CLANG_ANALYZER_NONNULL = YES;
				CLANG_ANALYZER_NUMBER_OBJECT_CONVERSION = YES_AGGRESSIVE;
				CLANG_CXX_LANGUAGE_STANDARD = "gnu++20";
				CLANG_ENABLE_MODULES = YES;
				CLANG_ENABLE_OBJC_ARC = YES;
				CLANG_ENABLE_OBJC_WEAK = YES;
				CLANG_WARN_BLOCK_CAPTURE_AUTORELEASING = YES;
				CLANG_WARN_BOOL_CONVERSION = YES;
				CLANG_WARN_COMMA = YES;
				CLANG_WARN_CONSTANT_CONVERSION = YES;
				CLANG_WARN_DEPRECATED_OBJC_IMPLEMENTATIONS = YES;
				CLANG_WARN_DIRECT_OBJC_ISA_USAGE = YES_ERROR;
				CLANG_WARN_DOCUMENTATION_COMMENTS = YES;
				CLANG_WARN_EMPTY_BODY = YES;
				CLANG_WARN_ENUM_CONVERSION = YES;
				CLANG_WARN_INFINITE_RECURSION = YES;
				CLANG_WARN_INT_CONVERSION = YES;
				CLANG_WARN_NON_LITERAL_NULL_CONVERSION = YES;
				CLANG_WARN_OBJC_IMPLICIT_RETAIN_SELF = YES;
				CLANG_WARN_OBJC_LITERAL_CONVERSION = YES;
				CLANG_WARN_OBJC_ROOT_CLASS = YES_ERROR;
				CLANG_WARN_QUOTED_INCLUDE_IN_FRAMEWORK_HEADER = YES;
				CLANG_WARN_RANGE_LOOP_ANALYSIS = YES;
				CLANG_WARN_STRICT_PROTOTYPES = YES;
				CLANG_WARN_SUSPICIOUS_MOVE = YES;
				CLANG_WARN_UNGUARDED_AVAILABILITY = YES_AGGRESSIVE;
				CLANG_WARN_UNREACHABLE_CODE = YES;
				CLANG_WARN__DUPLICATE_METHOD_MATCH = YES;
				COPY_PHASE_STRIP = NO;
				DEBUG_INFORMATION_FORMAT = dwarf;
				ENABLE_STRICT_OBJC_MSGSEND = YES;
				ENABLE_TESTABILITY = YES;
				GCC_C_LANGUAGE_STANDARD = gnu11;
				GCC_DYNAMIC_NO_PIC = NO;
				GCC_NO_COMMON_BLOCKS = YES;
				GCC_OPTIMIZATION_LEVEL = 0;
				GCC_PREPROCESSOR_DEFINITIONS = (
					"DEBUG=1",
					"$(inherited)",
				);
				GCC_WARN_64_TO_32_BIT_CONVERSION = YES;
				GCC_WARN_ABOUT_RETURN_TYPE = YES_ERROR;
				GCC_WARN_UNDECLARED_SELECTOR = YES;
				GCC_WARN_UNINITIALIZED_AUTOS = YES_AGGRESSIVE;
				GCC_WARN_UNUSED_FUNCTION = YES;
				GCC_WARN_UNUSED_VARIABLE = YES;
				IPHONEOS_DEPLOYMENT_TARGET = 13.0;
				MTL_ENABLE_DEBUG_INFO = INCLUDE_SOURCE;
				MTL_FAST_MATH = YES;
				ONLY_ACTIVE_ARCH = YES;
				SDKROOT = iphoneos;
				SWIFT_ACTIVE_COMPILATION_CONDITIONS = DEBUG;
				SWIFT_OPTIMIZATION_LEVEL = "-Onone";
			};
			name = Debug;
		};
		E0722E982B10845C00165559 /* Release */ = {
			isa = XCBuildConfiguration;
			buildSettings = {
				ALWAYS_SEARCH_USER_PATHS = NO;
				CLANG_ANALYZER_NONNULL = YES;
				CLANG_ANALYZER_NUMBER_OBJECT_CONVERSION = YES_AGGRESSIVE;
				CLANG_CXX_LANGUAGE_STANDARD = "gnu++20";
				CLANG_ENABLE_MODULES = YES;
				CLANG_ENABLE_OBJC_ARC = YES;
				CLANG_ENABLE_OBJC_WEAK = YES;
				CLANG_WARN_BLOCK_CAPTURE_AUTORELEASING = YES;
				CLANG_WARN_BOOL_CONVERSION = YES;
				CLANG_WARN_COMMA = YES;
				CLANG_WARN_CONSTANT_CONVERSION = YES;
				CLANG_WARN_DEPRECATED_OBJC_IMPLEMENTATIONS = YES;
				CLANG_WARN_DIRECT_OBJC_ISA_USAGE = YES_ERROR;
				CLANG_WARN_DOCUMENTATION_COMMENTS = YES;
				CLANG_WARN_EMPTY_BODY = YES;
				CLANG_WARN_ENUM_CONVERSION = YES;
				CLANG_WARN_INFINITE_RECURSION = YES;
				CLANG_WARN_INT_CONVERSION = YES;
				CLANG_WARN_NON_LITERAL_NULL_CONVERSION = YES;
				CLANG_WARN_OBJC_IMPLICIT_RETAIN_SELF = YES;
				CLANG_WARN_OBJC_LITERAL_CONVERSION = YES;
				CLANG_WARN_OBJC_ROOT_CLASS = YES_ERROR;
				CLANG_WARN_QUOTED_INCLUDE_IN_FRAMEWORK_HEADER = YES;
				CLANG_WARN_RANGE_LOOP_ANALYSIS = YES;
				CLANG_WARN_STRICT_PROTOTYPES = YES;
				CLANG_WARN_SUSPICIOUS_MOVE = YES;
				CLANG_WARN_UNGUARDED_AVAILABILITY = YES_AGGRESSIVE;
				CLANG_WARN_UNREACHABLE_CODE = YES;
				CLANG_WARN__DUPLICATE_METHOD_MATCH = YES;
				COPY_PHASE_STRIP = NO;
				DEBUG_INFORMATION_FORMAT = "dwarf-with-dsym";
				ENABLE_NS_ASSERTIONS = NO;
				ENABLE_STRICT_OBJC_MSGSEND = YES;
				GCC_C_LANGUAGE_STANDARD = gnu11;
				GCC_NO_COMMON_BLOCKS = YES;
				GCC_WARN_64_TO_32_BIT_CONVERSION = YES;
				GCC_WARN_ABOUT_RETURN_TYPE = YES_ERROR;
				GCC_WARN_UNDECLARED_SELECTOR = YES;
				GCC_WARN_UNINITIALIZED_AUTOS = YES_AGGRESSIVE;
				GCC_WARN_UNUSED_FUNCTION = YES;
				GCC_WARN_UNUSED_VARIABLE = YES;
				IPHONEOS_DEPLOYMENT_TARGET = 13.0;
				MTL_ENABLE_DEBUG_INFO = NO;
				MTL_FAST_MATH = YES;
				SDKROOT = iphoneos;
				SWIFT_COMPILATION_MODE = wholemodule;
				SWIFT_OPTIMIZATION_LEVEL = "-O";
				VALIDATE_PRODUCT = YES;
			};
			name = Release;
		};
		E0722E9A2B10845C00165559 /* Debug */ = {
			isa = XCBuildConfiguration;
			baseConfigurationReference = CB2700324F1DDDCD13C1D45C /* Pods-AmaniSample.debug.xcconfig */;
			buildSettings = {
				ASSETCATALOG_COMPILER_APPICON_NAME = AppIcon;
				ASSETCATALOG_COMPILER_GLOBAL_ACCENT_COLOR_NAME = AccentColor;
				CODE_SIGN_STYLE = Automatic;
				CURRENT_PROJECT_VERSION = 1;
				DEVELOPMENT_TEAM = 5A3L6X7CGS;
				GENERATE_INFOPLIST_FILE = YES;
				INFOPLIST_FILE = AmaniSample/Info.plist;
				INFOPLIST_KEY_UIApplicationSupportsIndirectInputEvents = YES;
				INFOPLIST_KEY_UILaunchStoryboardName = LaunchScreen;
				INFOPLIST_KEY_UIMainStoryboardFile = Main;
				INFOPLIST_KEY_UISupportedInterfaceOrientations_iPad = "UIInterfaceOrientationPortrait UIInterfaceOrientationPortraitUpsideDown UIInterfaceOrientationLandscapeLeft UIInterfaceOrientationLandscapeRight";
				INFOPLIST_KEY_UISupportedInterfaceOrientations_iPhone = "UIInterfaceOrientationPortrait UIInterfaceOrientationLandscapeLeft UIInterfaceOrientationLandscapeRight";
				LD_RUNPATH_SEARCH_PATHS = (
					"$(inherited)",
					"@executable_path/Frameworks",
				);
				MARKETING_VERSION = 1.0;
				PRODUCT_BUNDLE_IDENTIFIER = com.EliptikYatirim.dev;
				PRODUCT_NAME = "$(TARGET_NAME)";
				SWIFT_EMIT_LOC_STRINGS = YES;
				SWIFT_VERSION = 5.0;
				TARGETED_DEVICE_FAMILY = "1,2";
			};
			name = Debug;
		};
		E0722E9B2B10845C00165559 /* Release */ = {
			isa = XCBuildConfiguration;
			baseConfigurationReference = 25E16B84C7D9143BC618EFED /* Pods-AmaniSample.release.xcconfig */;
			buildSettings = {
				ASSETCATALOG_COMPILER_APPICON_NAME = AppIcon;
				ASSETCATALOG_COMPILER_GLOBAL_ACCENT_COLOR_NAME = AccentColor;
				CODE_SIGN_STYLE = Automatic;
				CURRENT_PROJECT_VERSION = 1;
				DEVELOPMENT_TEAM = Q2G273UB5Q;
				GENERATE_INFOPLIST_FILE = YES;
				INFOPLIST_FILE = AmaniSample/Info.plist;
				INFOPLIST_KEY_UIApplicationSupportsIndirectInputEvents = YES;
				INFOPLIST_KEY_UILaunchStoryboardName = LaunchScreen;
				INFOPLIST_KEY_UIMainStoryboardFile = Main;
				INFOPLIST_KEY_UISupportedInterfaceOrientations_iPad = "UIInterfaceOrientationPortrait UIInterfaceOrientationPortraitUpsideDown UIInterfaceOrientationLandscapeLeft UIInterfaceOrientationLandscapeRight";
				INFOPLIST_KEY_UISupportedInterfaceOrientations_iPhone = "UIInterfaceOrientationPortrait UIInterfaceOrientationLandscapeLeft UIInterfaceOrientationLandscapeRight";
				LD_RUNPATH_SEARCH_PATHS = (
					"$(inherited)",
					"@executable_path/Frameworks",
				);
				MARKETING_VERSION = 1.0;
				PRODUCT_BUNDLE_IDENTIFIER = app.AmaniSample;
				PRODUCT_NAME = "$(TARGET_NAME)";
				SWIFT_EMIT_LOC_STRINGS = YES;
				SWIFT_VERSION = 5.0;
				TARGETED_DEVICE_FAMILY = "1,2";
			};
			name = Release;
		};
/* End XCBuildConfiguration section */

/* Begin XCConfigurationList section */
		E0722E802B10845B00165559 /* Build configuration list for PBXProject "AmaniSample" */ = {
			isa = XCConfigurationList;
			buildConfigurations = (
				E0722E972B10845C00165559 /* Debug */,
				E0722E982B10845C00165559 /* Release */,
			);
			defaultConfigurationIsVisible = 0;
			defaultConfigurationName = Release;
		};
		E0722E992B10845C00165559 /* Build configuration list for PBXNativeTarget "AmaniSample" */ = {
			isa = XCConfigurationList;
			buildConfigurations = (
				E0722E9A2B10845C00165559 /* Debug */,
				E0722E9B2B10845C00165559 /* Release */,
			);
			defaultConfigurationIsVisible = 0;
			defaultConfigurationName = Release;
		};
/* End XCConfigurationList section */
	};
	rootObject = E0722E7D2B10845B00165559 /* Project object */;
}
